{
  "name": "merels-shared",
  "version": "0.1.1",
  "lockfileVersion": 1,
  "requires": true,
  "dependencies": {
    "@types/ramda": {
      "version": "0.24.11",
      "resolved": "https://registry.npmjs.org/@types/ramda/-/ramda-0.24.11.tgz",
      "integrity": "sha512-m4zY0pwbEYumV0TlupCo1+oalEhp6Eb7icSxxwKf1Kbu1dAgbzoyyZfC7MHgxqluffwUp+YpzhDLdxZYRQb5XQ=="
    },
    "ramda": {
      "version": "0.24.1",
      "resolved": "https://registry.npmjs.org/ramda/-/ramda-0.24.1.tgz",
      "integrity": "sha1-w7d1UZfzW43DUCIoJixMkd22uFc="
    },
    "typescript": {
      "version": "2.5.2",
      "resolved": "https://registry.npmjs.org/typescript/-/typescript-2.5.2.tgz",
      "integrity": "sha1-A4qV99m7tCCxvzW6MdTFwd0//jQ="
    }
  }
}
